
Microsoft Visual Studio Solution File, Format Version 12.00
# Visual Studio Version 17
VisualStudioVersion = 17.1.32210.238
MinimumVisualStudioVersion = 10.0.40219.1
Project("{9A19103F-16F7-4668-BE54-9A1E7A4F7556}") = "YoumaconSecurityOps.Web.Client", "YoumaconSecurityOps.Web.Client\YoumaconSecurityOps.Web.Client.csproj", "{06170727-2CB2-4F72-AAC3-2BFD06379F9C}"
EndProject
Project("{9A19103F-16F7-4668-BE54-9A1E7A4F7556}") = "YoumaconSecurityOps.Data.EntityFramework", "YoumaconSecurityOps.Data.EntityFramework\YoumaconSecurityOps.Data.EntityFramework.csproj", "{B8C3ACE8-0504-48B8-BBA7-AEFC4BC2F6EA}"
EndProject
Project("{9A19103F-16F7-4668-BE54-9A1E7A4F7556}") = "YoumaconSecurityOps.Core.Shared", "YoumaconSecurityOps.Core.Shared\YoumaconSecurityOps.Core.Shared.csproj", "{446C16F9-6259-4319-84BC-F7F944434687}"
EndProject
Project("{9A19103F-16F7-4668-BE54-9A1E7A4F7556}") = "YoumaconSecurityOps.Core.Mediatr", "YoumaconSecurityOps.Core.Mediatr\YoumaconSecurityOps.Core.Mediatr.csproj", "{38EEC35A-C4B8-48AB-B8C0-4688D2219B76}"
EndProject
Project("{9A19103F-16F7-4668-BE54-9A1E7A4F7556}") = "YoumaconSecurityOps.Data.EntityFramework.Tests", "YoumaconSecurityOps.Data.EntityFramework.Tests\YoumaconSecurityOps.Data.EntityFramework.Tests.csproj", "{9911D8E9-369C-44AC-AE76-C5A9258D91F9}"
EndProject
Project("{9A19103F-16F7-4668-BE54-9A1E7A4F7556}") = "YoumaconSecurityOps.Core.Shared.Tests", "YoumaconSecurityOps.Core.Shared.Tests\YoumaconSecurityOps.Core.Shared.Tests.csproj", "{D0A82F74-4153-4C78-9A1C-E92705054C1A}"
EndProject
Project("{9A19103F-16F7-4668-BE54-9A1E7A4F7556}") = "YoumaconSecurityOps.Core.FluentEmailer", "YoumaconSecurityOps.Core.FluentEmailer\YoumaconSecurityOps.Core.FluentEmailer.csproj", "{E6A5DEA8-640D-4341-B658-86F4E38D30F6}"
EndProject
Project("{9A19103F-16F7-4668-BE54-9A1E7A4F7556}") = "YoumaconSecurityOps.Core.EventStore", "YoumaconSecurityOps.Core.EventStore\YoumaconSecurityOps.Core.EventStore.csproj", "{F3F73568-2D2A-4438-81D7-68A8296DAF4A}"
EndProject
Project("{9A19103F-16F7-4668-BE54-9A1E7A4F7556}") = "YoumaconSecurityOps.Core.AutoMapper", "YoumaconSecurityOps.Core.AutoMapper\YoumaconSecurityOps.Core.AutoMapper.csproj", "{67A6BD84-0650-465E-8ACB-499D13A50C63}"
EndProject
Project("{9A19103F-16F7-4668-BE54-9A1E7A4F7556}") = "YoumaconSecurityOps.Core.EventStore.Tests", "YoumaconSecurityOps.Core.EventStore.Tests\YoumaconSecurityOps.Core.EventStore.Tests.csproj", "{72D36006-9DCC-42C3-9111-2B9E9753EFAE}"
EndProject
Project("{9A19103F-16F7-4668-BE54-9A1E7A4F7556}") = "YoumaconSecurityOps.Core.FluentTexter", "YoumaconSecurityOps.Core.FluentTexter\YoumaconSecurityOps.Core.FluentTexter.csproj", "{391817ED-9650-4F2E-B3B9-14D83AF87BA5}"
EndProject
Global
	GlobalSection(SolutionConfigurationPlatforms) = preSolution
		Debug|Any CPU = Debug|Any CPU
		Release|Any CPU = Release|Any CPU
	EndGlobalSection
	GlobalSection(ProjectConfigurationPlatforms) = postSolution
		{06170727-2CB2-4F72-AAC3-2BFD06379F9C}.Debug|Any CPU.ActiveCfg = Debug|Any CPU
		{06170727-2CB2-4F72-AAC3-2BFD06379F9C}.Debug|Any CPU.Build.0 = Debug|Any CPU
		{06170727-2CB2-4F72-AAC3-2BFD06379F9C}.Release|Any CPU.ActiveCfg = Release|Any CPU
		{06170727-2CB2-4F72-AAC3-2BFD06379F9C}.Release|Any CPU.Build.0 = Release|Any CPU
		{B8C3ACE8-0504-48B8-BBA7-AEFC4BC2F6EA}.Debug|Any CPU.ActiveCfg = Debug|Any CPU
		{B8C3ACE8-0504-48B8-BBA7-AEFC4BC2F6EA}.Debug|Any CPU.Build.0 = Debug|Any CPU
		{B8C3ACE8-0504-48B8-BBA7-AEFC4BC2F6EA}.Release|Any CPU.ActiveCfg = Release|Any CPU
		{B8C3ACE8-0504-48B8-BBA7-AEFC4BC2F6EA}.Release|Any CPU.Build.0 = Release|Any CPU
		{446C16F9-6259-4319-84BC-F7F944434687}.Debug|Any CPU.ActiveCfg = Debug|Any CPU
		{446C16F9-6259-4319-84BC-F7F944434687}.Debug|Any CPU.Build.0 = Debug|Any CPU
		{446C16F9-6259-4319-84BC-F7F944434687}.Release|Any CPU.ActiveCfg = Release|Any CPU
		{446C16F9-6259-4319-84BC-F7F944434687}.Release|Any CPU.Build.0 = Release|Any CPU
		{38EEC35A-C4B8-48AB-B8C0-4688D2219B76}.Debug|Any CPU.ActiveCfg = Debug|Any CPU
		{38EEC35A-C4B8-48AB-B8C0-4688D2219B76}.Debug|Any CPU.Build.0 = Debug|Any CPU
		{38EEC35A-C4B8-48AB-B8C0-4688D2219B76}.Release|Any CPU.ActiveCfg = Release|Any CPU
		{38EEC35A-C4B8-48AB-B8C0-4688D2219B76}.Release|Any CPU.Build.0 = Release|Any CPU
		{9911D8E9-369C-44AC-AE76-C5A9258D91F9}.Debug|Any CPU.ActiveCfg = Debug|Any CPU
		{9911D8E9-369C-44AC-AE76-C5A9258D91F9}.Debug|Any CPU.Build.0 = Debug|Any CPU
		{9911D8E9-369C-44AC-AE76-C5A9258D91F9}.Release|Any CPU.ActiveCfg = Release|Any CPU
		{9911D8E9-369C-44AC-AE76-C5A9258D91F9}.Release|Any CPU.Build.0 = Release|Any CPU
		{D0A82F74-4153-4C78-9A1C-E92705054C1A}.Debug|Any CPU.ActiveCfg = Debug|Any CPU
		{D0A82F74-4153-4C78-9A1C-E92705054C1A}.Debug|Any CPU.Build.0 = Debug|Any CPU
		{D0A82F74-4153-4C78-9A1C-E92705054C1A}.Release|Any CPU.ActiveCfg = Release|Any CPU
		{D0A82F74-4153-4C78-9A1C-E92705054C1A}.Release|Any CPU.Build.0 = Release|Any CPU
		{E6A5DEA8-640D-4341-B658-86F4E38D30F6}.Debug|Any CPU.ActiveCfg = Debug|Any CPU
		{E6A5DEA8-640D-4341-B658-86F4E38D30F6}.Debug|Any CPU.Build.0 = Debug|Any CPU
		{E6A5DEA8-640D-4341-B658-86F4E38D30F6}.Release|Any CPU.ActiveCfg = Release|Any CPU
		{E6A5DEA8-640D-4341-B658-86F4E38D30F6}.Release|Any CPU.Build.0 = Release|Any CPU
		{F3F73568-2D2A-4438-81D7-68A8296DAF4A}.Debug|Any CPU.ActiveCfg = Debug|Any CPU
		{F3F73568-2D2A-4438-81D7-68A8296DAF4A}.Debug|Any CPU.Build.0 = Debug|Any CPU
		{F3F73568-2D2A-4438-81D7-68A8296DAF4A}.Release|Any CPU.ActiveCfg = Release|Any CPU
		{F3F73568-2D2A-4438-81D7-68A8296DAF4A}.Release|Any CPU.Build.0 = Release|Any CPU
		{67A6BD84-0650-465E-8ACB-499D13A50C63}.Debug|Any CPU.ActiveCfg = Debug|Any CPU
		{67A6BD84-0650-465E-8ACB-499D13A50C63}.Debug|Any CPU.Build.0 = Debug|Any CPU
		{67A6BD84-0650-465E-8ACB-499D13A50C63}.Release|Any CPU.ActiveCfg = Release|Any CPU
		{67A6BD84-0650-465E-8ACB-499D13A50C63}.Release|Any CPU.Build.0 = Release|Any CPU
		{72D36006-9DCC-42C3-9111-2B9E9753EFAE}.Debug|Any CPU.ActiveCfg = Debug|Any CPU
		{72D36006-9DCC-42C3-9111-2B9E9753EFAE}.Debug|Any CPU.Build.0 = Debug|Any CPU
		{72D36006-9DCC-42C3-9111-2B9E9753EFAE}.Release|Any CPU.ActiveCfg = Release|Any CPU
		{72D36006-9DCC-42C3-9111-2B9E9753EFAE}.Release|Any CPU.Build.0 = Release|Any CPU
		{391817ED-9650-4F2E-B3B9-14D83AF87BA5}.Debug|Any CPU.ActiveCfg = Debug|Any CPU
		{391817ED-9650-4F2E-B3B9-14D83AF87BA5}.Debug|Any CPU.Build.0 = Debug|Any CPU
		{391817ED-9650-4F2E-B3B9-14D83AF87BA5}.Release|Any CPU.ActiveCfg = Release|Any CPU
		{391817ED-9650-4F2E-B3B9-14D83AF87BA5}.Release|Any CPU.Build.0 = Release|Any CPU
	EndGlobalSection
	GlobalSection(SolutionProperties) = preSolution
		HideSolutionNode = FALSE
	EndGlobalSection
	GlobalSection(ExtensibilityGlobals) = postSolution
		SolutionGuid = {7F7CD6D1-9DDC-40A5-91A6-FF1D5CECAED4}
	EndGlobalSection
EndGlobal
